
Microsoft Visual Studio Solution File, Format Version 12.00
# Visual Studio 14
VisualStudioVersion = 14.0.25420.1
MinimumVisualStudioVersion = 10.0.40219.1
Project("{8BC9CEB8-8B4A-11D0-8D11-00A0C91BC942}") = "WeatherStation", "WeatherStation\WeatherStation.vcxproj", "{FCDB7FE8-7A0C-43DC-B476-4AB6B6DF5933}"
EndProject
Project("{8BC9CEB8-8B4A-11D0-8D11-00A0C91BC942}") = "ObserverFP", "ObserverFP\ObserverFP.vcxproj", "{357D59D1-EB21-481C-AEF2-D2CE4BEF84BB}"
EndProject
Project("{8BC9CEB8-8B4A-11D0-8D11-00A0C91BC942}") = "ObserverWithSignals", "ObserverWithSignals\ObserverWithSignals.vcxproj", "{191EF9FD-C65B-4EF5-B99A-4E1C6CA90AEC}"
EndProject
Project("{8BC9CEB8-8B4A-11D0-8D11-00A0C91BC942}") = "ObserverWithSignallingValue", "ObserverWithSignallingValue\ObserverWithSignallingValue.vcxproj", "{6310A729-E7C6-4634-B254-B647F28976B4}"
EndProject
Project("{8BC9CEB8-8B4A-11D0-8D11-00A0C91BC942}") = "WeatherStationTests", "WeatherStationTests\WeatherStationTests.vcxproj", "{0ECD1F51-AA68-467B-9363-196F5C771DC1}"
EndProject
Project("{8BC9CEB8-8B4A-11D0-8D11-00A0C91BC942}") = "WeatherStationDuo", "WeatherStationDuo\WeatherStationDuo.vcxproj", "{D1381323-9DC5-4A3B-AD9D-BB1352DA3A0B}"
EndProject
Project("{8BC9CEB8-8B4A-11D0-8D11-00A0C91BC942}") = "WeatherStationPro", "WeatherStationPro\WeatherStationPro.vcxproj", "{9172D519-A1C7-463E-B67E-5DE21929A2DC}"
EndProject
Project("{8BC9CEB8-8B4A-11D0-8D11-00A0C91BC942}") = "WeatherStationProDuo", "WeatherStationProDuo\WeatherStationProDuo.vcxproj", "{8F13DEAF-E10D-4628-A0C0-C4E029100AE1}"
EndProject
Project("{8BC9CEB8-8B4A-11D0-8D11-00A0C91BC942}") = "WeatherStationEco", "WeatherStationEco\WeatherStationEco.vcxproj", "{4B629148-DF5C-4AAC-B760-613C5CE75FD2}"
EndProject
Global
	GlobalSection(SolutionConfigurationPlatforms) = preSolution
		Debug|x64 = Debug|x64
		Debug|x86 = Debug|x86
		Release|x64 = Release|x64
		Release|x86 = Release|x86
	EndGlobalSection
	GlobalSection(ProjectConfigurationPlatforms) = postSolution
		{FCDB7FE8-7A0C-43DC-B476-4AB6B6DF5933}.Debug|x64.ActiveCfg = Debug|x64
		{FCDB7FE8-7A0C-43DC-B476-4AB6B6DF5933}.Debug|x64.Build.0 = Debug|x64
		{FCDB7FE8-7A0C-43DC-B476-4AB6B6DF5933}.Debug|x86.ActiveCfg = Debug|Win32
		{FCDB7FE8-7A0C-43DC-B476-4AB6B6DF5933}.Debug|x86.Build.0 = Debug|Win32
		{FCDB7FE8-7A0C-43DC-B476-4AB6B6DF5933}.Release|x64.ActiveCfg = Release|x64
		{FCDB7FE8-7A0C-43DC-B476-4AB6B6DF5933}.Release|x64.Build.0 = Release|x64
		{FCDB7FE8-7A0C-43DC-B476-4AB6B6DF5933}.Release|x86.ActiveCfg = Release|Win32
		{FCDB7FE8-7A0C-43DC-B476-4AB6B6DF5933}.Release|x86.Build.0 = Release|Win32
		{357D59D1-EB21-481C-AEF2-D2CE4BEF84BB}.Debug|x64.ActiveCfg = Debug|x64
		{357D59D1-EB21-481C-AEF2-D2CE4BEF84BB}.Debug|x64.Build.0 = Debug|x64
		{357D59D1-EB21-481C-AEF2-D2CE4BEF84BB}.Debug|x86.ActiveCfg = Debug|Win32
		{357D59D1-EB21-481C-AEF2-D2CE4BEF84BB}.Debug|x86.Build.0 = Debug|Win32
		{357D59D1-EB21-481C-AEF2-D2CE4BEF84BB}.Release|x64.ActiveCfg = Release|x64
		{357D59D1-EB21-481C-AEF2-D2CE4BEF84BB}.Release|x64.Build.0 = Release|x64
		{357D59D1-EB21-481C-AEF2-D2CE4BEF84BB}.Release|x86.ActiveCfg = Release|Win32
		{357D59D1-EB21-481C-AEF2-D2CE4BEF84BB}.Release|x86.Build.0 = Release|Win32
		{191EF9FD-C65B-4EF5-B99A-4E1C6CA90AEC}.Debug|x64.ActiveCfg = Debug|x64
		{191EF9FD-C65B-4EF5-B99A-4E1C6CA90AEC}.Debug|x64.Build.0 = Debug|x64
		{191EF9FD-C65B-4EF5-B99A-4E1C6CA90AEC}.Debug|x86.ActiveCfg = Debug|Win32
		{191EF9FD-C65B-4EF5-B99A-4E1C6CA90AEC}.Debug|x86.Build.0 = Debug|Win32
		{191EF9FD-C65B-4EF5-B99A-4E1C6CA90AEC}.Release|x64.ActiveCfg = Release|x64
		{191EF9FD-C65B-4EF5-B99A-4E1C6CA90AEC}.Release|x64.Build.0 = Release|x64
		{191EF9FD-C65B-4EF5-B99A-4E1C6CA90AEC}.Release|x86.ActiveCfg = Release|Win32
		{191EF9FD-C65B-4EF5-B99A-4E1C6CA90AEC}.Release|x86.Build.0 = Release|Win32
		{6310A729-E7C6-4634-B254-B647F28976B4}.Debug|x64.ActiveCfg = Debug|x64
		{6310A729-E7C6-4634-B254-B647F28976B4}.Debug|x64.Build.0 = Debug|x64
		{6310A729-E7C6-4634-B254-B647F28976B4}.Debug|x86.ActiveCfg = Debug|Win32
		{6310A729-E7C6-4634-B254-B647F28976B4}.Debug|x86.Build.0 = Debug|Win32
		{6310A729-E7C6-4634-B254-B647F28976B4}.Release|x64.ActiveCfg = Release|x64
		{6310A729-E7C6-4634-B254-B647F28976B4}.Release|x64.Build.0 = Release|x64
		{6310A729-E7C6-4634-B254-B647F28976B4}.Release|x86.ActiveCfg = Release|Win32
		{6310A729-E7C6-4634-B254-B647F28976B4}.Release|x86.Build.0 = Release|Win32
		{0ECD1F51-AA68-467B-9363-196F5C771DC1}.Debug|x64.ActiveCfg = Debug|x64
		{0ECD1F51-AA68-467B-9363-196F5C771DC1}.Debug|x64.Build.0 = Debug|x64
		{0ECD1F51-AA68-467B-9363-196F5C771DC1}.Debug|x86.ActiveCfg = Debug|Win32
		{0ECD1F51-AA68-467B-9363-196F5C771DC1}.Debug|x86.Build.0 = Debug|Win32
		{0ECD1F51-AA68-467B-9363-196F5C771DC1}.Release|x64.ActiveCfg = Release|x64
		{0ECD1F51-AA68-467B-9363-196F5C771DC1}.Release|x64.Build.0 = Release|x64
		{0ECD1F51-AA68-467B-9363-196F5C771DC1}.Release|x86.ActiveCfg = Release|Win32
		{0ECD1F51-AA68-467B-9363-196F5C771DC1}.Release|x86.Build.0 = Release|Win32
		{D1381323-9DC5-4A3B-AD9D-BB1352DA3A0B}.Debug|x64.ActiveCfg = Debug|x64
		{D1381323-9DC5-4A3B-AD9D-BB1352DA3A0B}.Debug|x64.Build.0 = Debug|x64
		{D1381323-9DC5-4A3B-AD9D-BB1352DA3A0B}.Debug|x86.ActiveCfg = Debug|Win32
		{D1381323-9DC5-4A3B-AD9D-BB1352DA3A0B}.Debug|x86.Build.0 = Debug|Win32
		{D1381323-9DC5-4A3B-AD9D-BB1352DA3A0B}.Release|x64.ActiveCfg = Release|x64
		{D1381323-9DC5-4A3B-AD9D-BB1352DA3A0B}.Release|x64.Build.0 = Release|x64
		{D1381323-9DC5-4A3B-AD9D-BB1352DA3A0B}.Release|x86.ActiveCfg = Release|Win32
		{D1381323-9DC5-4A3B-AD9D-BB1352DA3A0B}.Release|x86.Build.0 = Release|Win32
		{9172D519-A1C7-463E-B67E-5DE21929A2DC}.Debug|x64.ActiveCfg = Debug|x64
		{9172D519-A1C7-463E-B67E-5DE21929A2DC}.Debug|x64.Build.0 = Debug|x64
		{9172D519-A1C7-463E-B67E-5DE21929A2DC}.Debug|x86.ActiveCfg = Debug|Win32
		{9172D519-A1C7-463E-B67E-5DE21929A2DC}.Debug|x86.Build.0 = Debug|Win32
		{9172D519-A1C7-463E-B67E-5DE21929A2DC}.Release|x64.ActiveCfg = Release|x64
		{9172D519-A1C7-463E-B67E-5DE21929A2DC}.Release|x64.Build.0 = Release|x64
		{9172D519-A1C7-463E-B67E-5DE21929A2DC}.Release|x86.ActiveCfg = Release|Win32
		{9172D519-A1C7-463E-B67E-5DE21929A2DC}.Release|x86.Build.0 = Release|Win32
		{8F13DEAF-E10D-4628-A0C0-C4E029100AE1}.Debug|x64.ActiveCfg = Debug|x64
		{8F13DEAF-E10D-4628-A0C0-C4E029100AE1}.Debug|x64.Build.0 = Debug|x64
		{8F13DEAF-E10D-4628-A0C0-C4E029100AE1}.Debug|x86.ActiveCfg = Debug|Win32
		{8F13DEAF-E10D-4628-A0C0-C4E029100AE1}.Debug|x86.Build.0 = Debug|Win32
		{8F13DEAF-E10D-4628-A0C0-C4E029100AE1}.Release|x64.ActiveCfg = Release|x64
		{8F13DEAF-E10D-4628-A0C0-C4E029100AE1}.Release|x64.Build.0 = Release|x64
		{8F13DEAF-E10D-4628-A0C0-C4E029100AE1}.Release|x86.ActiveCfg = Release|Win32
		{8F13DEAF-E10D-4628-A0C0-C4E029100AE1}.Release|x86.Build.0 = Release|Win32
		{4B629148-DF5C-4AAC-B760-613C5CE75FD2}.Debug|x64.ActiveCfg = Debug|x64
		{4B629148-DF5C-4AAC-B760-613C5CE75FD2}.Debug|x64.Build.0 = Debug|x64
		{4B629148-DF5C-4AAC-B760-613C5CE75FD2}.Debug|x86.ActiveCfg = Debug|Win32
		{4B629148-DF5C-4AAC-B760-613C5CE75FD2}.Debug|x86.Build.0 = Debug|Win32
		{4B629148-DF5C-4AAC-B760-613C5CE75FD2}.Release|x64.ActiveCfg = Release|x64
		{4B629148-DF5C-4AAC-B760-613C5CE75FD2}.Release|x64.Build.0 = Release|x64
		{4B629148-DF5C-4AAC-B760-613C5CE75FD2}.Release|x86.ActiveCfg = Release|Win32
		{4B629148-DF5C-4AAC-B760-613C5CE75FD2}.Release|x86.Build.0 = Release|Win32
	EndGlobalSection
	GlobalSection(SolutionProperties) = preSolution
		HideSolutionNode = FALSE
	EndGlobalSection
EndGlobal
