<?xml version="1.0" encoding="utf-8"?>
<Project ToolsVersion="4.0" xmlns="http://schemas.microsoft.com/developer/msbuild/2003">
  <ItemGroup>
    <Filter Include="Source Files">
      <UniqueIdentifier>{4FC737F1-C7A5-4376-A066-2A32D752A2FF}</UniqueIdentifier>
      <Extensions>cpp;c;cc;cxx;def;odl;idl;hpj;bat;asm;asmx</Extensions>
    </Filter>
    <Filter Include="Header Files">
      <UniqueIdentifier>{93995380-89BD-4b04-88EB-625FBE52EBFB}</UniqueIdentifier>
      <Extensions>h;hh;hpp;hxx;hm;inl;inc;xsd</Extensions>
    </Filter>
    <Filter Include="Resource Files">
      <UniqueIdentifier>{67DA6AB6-F800-4c08-8B7A-83BB121AAD01}</UniqueIdentifier>
      <Extensions>rc;ico;cur;bmp;dlg;rc2;rct;bin;rgs;gif;jpg;jpeg;jpe;resx;tiff;tif;png;wav;mfcribbon-ms</Extensions>
    </Filter>
    <Filter Include="Streams">
      <UniqueIdentifier>{7cbb7607-d976-4fee-b9d4-59f527db5b52}</UniqueIdentifier>
    </Filter>
  </ItemGroup>
  <ItemGroup>
    <Text Include="ReadMe.txt" />
  </ItemGroup>
  <ItemGroup>
    <ClInclude Include="stdafx.h">
      <Filter>Header Files</Filter>
    </ClInclude>
    <ClInclude Include="targetver.h">
      <Filter>Header Files</Filter>
    </ClInclude>
    <ClInclude Include="..\streams\FileInputStream.h">
      <Filter>Streams</Filter>
    </ClInclude>
    <ClInclude Include="..\streams\FileOutputStream.h">
      <Filter>Streams</Filter>
    </ClInclude>
    <ClInclude Include="..\streams\IInputDataStream.h">
      <Filter>Streams</Filter>
    </ClInclude>
    <ClInclude Include="..\streams\IOutputDataStream.h">
      <Filter>Streams</Filter>
    </ClInclude>
    <ClInclude Include="..\streams\MemoryInputStream.h">
      <Filter>Streams</Filter>
    </ClInclude>
    <ClInclude Include="..\streams\MemoryOutputStream.h">
      <Filter>Streams</Filter>
    </ClInclude>
    <ClInclude Include="StreamTestFunctions.h">
      <Filter>Header Files</Filter>
    </ClInclude>
    <ClInclude Include="TempFileName.h">
      <Filter>Header Files</Filter>
    </ClInclude>
    <ClInclude Include="..\streams\CaesarCipherTransform.h">
      <Filter>Streams</Filter>
    </ClInclude>
    <ClInclude Include="..\streams\TransformedInputStream.h">
      <Filter>Streams</Filter>
    </ClInclude>
    <ClInclude Include="..\streams\RLEInputStream.h">
      <Filter>Streams</Filter>
    </ClInclude>
    <ClInclude Include="..\streams\RLEOutputStream.h">
      <Filter>Streams</Filter>
    </ClInclude>
  </ItemGroup>
  <ItemGroup>
    <ClCompile Include="stdafx.cpp">
      <Filter>Source Files</Filter>
    </ClCompile>
    <ClCompile Include="..\streams\FileInputStream.cpp">
      <Filter>Streams</Filter>
    </ClCompile>
    <ClCompile Include="..\streams\FileOutputStream.cpp">
      <Filter>Streams</Filter>
    </ClCompile>
    <ClCompile Include="..\streams\MemoryInputStream.cpp">
      <Filter>Streams</Filter>
    </ClCompile>
    <ClCompile Include="..\streams\MemoryOutputStream.cpp">
      <Filter>Streams</Filter>
    </ClCompile>
    <ClCompile Include="InputStreamTests.cpp">
      <Filter>Source Files</Filter>
    </ClCompile>
    <ClCompile Include="OutputStreamTests.cpp">
      <Filter>Source Files</Filter>
    </ClCompile>
    <ClCompile Include="TransformedStreamTests.cpp">
      <Filter>Source Files</Filter>
    </ClCompile>
    <ClCompile Include="..\streams\CaesarCipherTransform.cpp">
      <Filter>Streams</Filter>
    </ClCompile>
    <ClCompile Include="..\streams\TransformedInputStream.cpp">
      <Filter>Streams</Filter>
    </ClCompile>
    <ClCompile Include="..\streams\RLEInputStream.cpp">
      <Filter>Streams</Filter>
    </ClCompile>
    <ClCompile Include="..\streams\RLEOutputStream.cpp">
      <Filter>Streams</Filter>
    </ClCompile>
    <ClCompile Include="RLEStreamTests.cpp">
      <Filter>Source Files</Filter>
    </ClCompile>
  </ItemGroup>
</Project>